{
  "name": "suyamiko-api",
  "version": "1.0.1",
  "lockfileVersion": 1,
  "requires": true,
  "dependencies": {
    "easypathutil": {
      "version": "1.2.4",
      "resolved": "https://registry.npmjs.org/easypathutil/-/easypathutil-1.2.4.tgz",
      "integrity": "sha512-lD07cckpUjnKbPGO+x6EkHp6G64RFOOyAHANKUxz+LWtx0ko8/x59SPBL1idI2YZY53F/qMX7a4wkRPgg4uW6Q=="
    }
  }
}
